Microsoft Visual Studio Solution File, Format Version 11.00
# Visual Studio 2010
Project("{5B4AC8A6-6293-6B2C-6057-5AA1BF0D9938}") = "City drive", "Assembly-UnityScript.unityproj", "{851E3650-8AE3-2F8B-3D43-F3EDE1E0D92E}"
EndProject
Project("{FAE04EC0-301F-11D3-BF4B-00C04F79EFBC}") = "City drive", "Assembly-CSharp.csproj", "{06C0D048-458E-01B7-C624-205ECCE1C027}"
EndProject
Project("{FAE04EC0-301F-11D3-BF4B-00C04F79EFBC}") = "City drive", "Assembly-CSharp-Editor-firstpass.csproj", "{F828F024-4B8D-62C9-29E7-9F13E7B4BD7D}"
EndProject
Global
	GlobalSection(SolutionConfigurationPlatforms) = preSolution
		Debug|Any CPU = Debug|Any CPU
		Release|Any CPU = Release|Any CPU
	EndGlobalSection
	GlobalSection(ProjectConfigurationPlatforms) = postSolution
		{E9C1711F-2664-476B-7083-E5F8AA9176EE}.Debug|Any CPU.ActiveCfg = Debug|Any CPU
		{E9C1711F-2664-476B-7083-E5F8AA9176EE}.Debug|Any CPU.Build.0 = Debug|Any CPU
		{E9C1711F-2664-476B-7083-E5F8AA9176EE}.Release|Any CPU.ActiveCfg = Release|Any CPU
		{E9C1711F-2664-476B-7083-E5F8AA9176EE}.Release|Any CPU.Build.0 = Release|Any CPU
		{06C0D048-458E-01B7-C624-205ECCE1C027}.Debug|Any CPU.ActiveCfg = Debug|Any CPU
		{06C0D048-458E-01B7-C624-205ECCE1C027}.Debug|Any CPU.Build.0 = Debug|Any CPU
		{06C0D048-458E-01B7-C624-205ECCE1C027}.Release|Any CPU.ActiveCfg = Release|Any CPU
		{06C0D048-458E-01B7-C624-205ECCE1C027}.Release|Any CPU.Build.0 = Release|Any CPU
		{F828F024-4B8D-62C9-29E7-9F13E7B4BD7D}.Debug|Any CPU.ActiveCfg = Debug|Any CPU
		{F828F024-4B8D-62C9-29E7-9F13E7B4BD7D}.Debug|Any CPU.Build.0 = Debug|Any CPU
		{F828F024-4B8D-62C9-29E7-9F13E7B4BD7D}.Release|Any CPU.ActiveCfg = Release|Any CPU
		{F828F024-4B8D-62C9-29E7-9F13E7B4BD7D}.Release|Any CPU.Build.0 = Release|Any CPU
		{851E3650-8AE3-2F8B-3D43-F3EDE1E0D92E}.Debug|Any CPU.ActiveCfg = Debug|Any CPU
		{851E3650-8AE3-2F8B-3D43-F3EDE1E0D92E}.Debug|Any CPU.Build.0 = Debug|Any CPU
		{851E3650-8AE3-2F8B-3D43-F3EDE1E0D92E}.Release|Any CPU.ActiveCfg = Release|Any CPU
		{851E3650-8AE3-2F8B-3D43-F3EDE1E0D92E}.Release|Any CPU.Build.0 = Release|Any CPU
	EndGlobalSection
	GlobalSection(SolutionProperties) = preSolution
		HideSolutionNode = FALSE
	EndGlobalSection
	GlobalSection(MonoDevelopProperties) = preSolution
		StartupItem = Assembly-CSharp.csproj
	EndGlobalSection
EndGlobal
